
Microsoft Visual Studio Solution File, Format Version 12.00
# Visual Studio Version 16
VisualStudioVersion = 16.0.31410.357
MinimumVisualStudioVersion = 10.0.40219.1
Project("{9A19103F-16F7-4668-BE54-9A1E7A4F7556}") = "Field of miracles", "Field of miracles\Field of miracles.csproj", "{068F8846-70CC-4D46-9FC9-FA205B39619E}"
EndProject
Global
	GlobalSection(SolutionConfigurationPlatforms) = preSolution
		Debug|Any CPU = Debug|Any CPU
		Release|Any CPU = Release|Any CPU
	EndGlobalSection
	GlobalSection(ProjectConfigurationPlatforms) = postSolution
		{068F8846-70CC-4D46-9FC9-FA205B39619E}.Debug|Any CPU.ActiveCfg = Debug|Any CPU
		{068F8846-70CC-4D46-9FC9-FA205B39619E}.Debug|Any CPU.Build.0 = Debug|Any CPU
		{068F8846-70CC-4D46-9FC9-FA205B39619E}.Release|Any CPU.ActiveCfg = Release|Any CPU
		{068F8846-70CC-4D46-9FC9-FA205B39619E}.Release|Any CPU.Build.0 = Release|Any CPU
	EndGlobalSection
	GlobalSection(SolutionProperties) = preSolution
		HideSolutionNode = FALSE
	EndGlobalSection
	GlobalSection(ExtensibilityGlobals) = postSolution
		SolutionGuid = {D660E5A9-BD6B-40C8-9B3C-58A997541E42}
	EndGlobalSection
EndGlobal
